
Microsoft Visual Studio Solution File, Format Version 12.00
Project("{FAE04EC0-301F-11D3-BF4B-00C04F79EFBC}") = "1 API", "1 API\1 API.csproj", "{16944F7C-124E-4B93-AF92-DD19F4935409}"
EndProject
Project("{FAE04EC0-301F-11D3-BF4B-00C04F79EFBC}") = "2 Domain", "2 Domain\2 Domain.csproj", "{222FE5EC-1B81-47BE-B748-740822AD56A7}"
EndProject
Project("{FAE04EC0-301F-11D3-BF4B-00C04F79EFBC}") = "3 Data", "3 Data\3 Data.csproj", "{0B8628CE-4AB7-494C-8B56-27BFFB06CC0B}"
EndProject
Global
	GlobalSection(SolutionConfigurationPlatforms) = preSolution
		Debug|Any CPU = Debug|Any CPU
		Release|Any CPU = Release|Any CPU
	EndGlobalSection
	GlobalSection(ProjectConfigurationPlatforms) = postSolution
		{16944F7C-124E-4B93-AF92-DD19F4935409}.Debug|Any CPU.ActiveCfg = Debug|Any CPU
		{16944F7C-124E-4B93-AF92-DD19F4935409}.Debug|Any CPU.Build.0 = Debug|Any CPU
		{16944F7C-124E-4B93-AF92-DD19F4935409}.Release|Any CPU.ActiveCfg = Release|Any CPU
		{16944F7C-124E-4B93-AF92-DD19F4935409}.Release|Any CPU.Build.0 = Release|Any CPU
		{222FE5EC-1B81-47BE-B748-740822AD56A7}.Debug|Any CPU.ActiveCfg = Debug|Any CPU
		{222FE5EC-1B81-47BE-B748-740822AD56A7}.Debug|Any CPU.Build.0 = Debug|Any CPU
		{222FE5EC-1B81-47BE-B748-740822AD56A7}.Release|Any CPU.ActiveCfg = Release|Any CPU
		{222FE5EC-1B81-47BE-B748-740822AD56A7}.Release|Any CPU.Build.0 = Release|Any CPU
		{0B8628CE-4AB7-494C-8B56-27BFFB06CC0B}.Debug|Any CPU.ActiveCfg = Debug|Any CPU
		{0B8628CE-4AB7-494C-8B56-27BFFB06CC0B}.Debug|Any CPU.Build.0 = Debug|Any CPU
		{0B8628CE-4AB7-494C-8B56-27BFFB06CC0B}.Release|Any CPU.ActiveCfg = Release|Any CPU
		{0B8628CE-4AB7-494C-8B56-27BFFB06CC0B}.Release|Any CPU.Build.0 = Release|Any CPU
	EndGlobalSection
EndGlobal
